{
  "object": {
    "pins": [
      {
        "package": "Alamofire",
        "repositoryURL": "https://github.com/Alamofire/Alamofire.git",
        "state": {
          "branch": null,
          "revision": "f82c23a8a7ef8dc1a49a8bfc6a96883e79121864",
          "version": "5.5.0"
        }
      },
      {
        "package": "KakaoOpenSDK",
        "repositoryURL": "https://github.com/kakao/kakao-ios-sdk",
        "state": {
          "branch": "master",
          "revision": "8790f04c5b286ca92ac8e3133fe28b1d37a76f5b",
          "version": null
        }
      }
    ]
  },
  "version": 1
}
